{
  "name": "hardhat-fund-me-fcc",
  "lockfileVersion": 2,
  "requires": true,
  "packages": {
    "": {
      "dependencies": {
        "corepack": "^0.15.3"
      }
    },
    "node_modules/corepack": {
      "version": "0.15.3",
      "resolved": "https://registry.npmjs.org/corepack/-/corepack-0.15.3.tgz",
      "integrity": "sha512-QDiFLIQsnCwzjCHvE9l035sI4s6PofawzjaopXJ9fdsF8nMLW7amHtxOgMff3xO88znoM64ctZ3ObLjNw4g1Kw==",
      "bin": {
        "corepack": "dist/corepack.js",
        "pnpm": "dist/pnpm.js",
        "pnpx": "dist/pnpx.js",
        "yarn": "dist/yarn.js",
        "yarnpkg": "dist/yarnpkg.js"
      }
    }
  },
  "dependencies": {
    "corepack": {
      "version": "0.15.3",
      "resolved": "https://registry.npmjs.org/corepack/-/corepack-0.15.3.tgz",
      "integrity": "sha512-QDiFLIQsnCwzjCHvE9l035sI4s6PofawzjaopXJ9fdsF8nMLW7amHtxOgMff3xO88znoM64ctZ3ObLjNw4g1Kw=="
    }
  }
}
